schema: '2.0'
stages:
  convert_labeled_data:
    cmd: python src/convert_labeled_data.py
    deps:
    - path: data/labeled_data.csv
      hash: md5
      md5: f8c6fedbe96a7d7789a815e9f024f836
      size: 154704
    - path: src/convert_labeled_data.py
      hash: md5
      md5: 6aaca710b02c324b3e6794c0ea060647
      size: 1593
    outs:
    - path: data/annotation_per_row_data.csv
      hash: md5
      md5: 836c21572751ec2944967f222a8fd885
      size: 78786
  fetch_labeled_data:
    cmd: ./src/fetch_data.sh
    deps:
    - path: src/fetch_data.sh
      hash: md5
      md5: b031d3969b674c3d84a4d78d08ca18b5
      size: 239
      isexec: true
    outs:
    - path: data/labeled_data.csv
      hash: md5
      md5: f8c6fedbe96a7d7789a815e9f024f836
      size: 154704
  download_audio:
    cmd: python ./src/download_audio.py --target-dir data/audio --annotations-file
      data/annotation_per_row_data.csv
    deps:
    - path: data/annotation_per_row_data.csv
      hash: md5
      md5: 836c21572751ec2944967f222a8fd885
      size: 78786
    - path: src/download_audio.py
      hash: md5
      md5: e78334358fef181c6b650759ac1149b8
      size: 1276
    outs:
    - path: data/audio
      hash: md5
      md5: d91c8c20c53fc64e1e38bc72d5256973.dir
      size: 303641596
      nfiles: 654
  extract_data_quality:
    cmd: python ./src/extract_data_quality.py
    deps:
    - path: data/annotation_per_row_data.csv
      hash: md5
      md5: 836c21572751ec2944967f222a8fd885
      size: 78786
    - path: src/extract_data_quality.py
      hash: md5
      md5: 1cf2554e4661332deea6d6bd7ac4b261
      size: 933
    outs:
    - path: data/data_quality/general.json
      hash: md5
      md5: 1b83f9312304ba3c4ddf9d6fbc66915a
      size: 105
    - path: data/data_quality/samples_per_label.csv
      hash: md5
      md5: ecd20cba34156a2e023c684d7a914e02
      size: 75
