schema: '2.0'
stages:
  convert_labeled_data:
    cmd: python src/convert_labeled_data.py
    deps:
    - path: data/labeled_data.csv
      hash: md5
      md5: 29f6f70588e1e2bcde3d7835d85dbe95
      size: 153638
    - path: src/convert_labeled_data.py
      hash: md5
      md5: 6aaca710b02c324b3e6794c0ea060647
      size: 1593
    outs:
    - path: data/annotation_per_row_data.csv
      hash: md5
      md5: 02b0f956ef84921664905bb6b683638e
      size: 78166
  fetch_labeled_data:
    cmd: ./src/fetch_data.sh
    deps:
    - path: src/fetch_data.sh
      hash: md5
      md5: b031d3969b674c3d84a4d78d08ca18b5
      size: 239
      isexec: true
    outs:
    - path: data/labeled_data.csv
      hash: md5
      md5: 29f6f70588e1e2bcde3d7835d85dbe95
      size: 153638
  download_audio:
    cmd: python ./src/download_audio.py --target-dir data/audio --annotations-file
      data/annotation_per_row_data.csv
    deps:
    - path: data/annotation_per_row_data.csv
      hash: md5
      md5: 02b0f956ef84921664905bb6b683638e
      size: 78166
    - path: src/download_audio.py
      hash: md5
      md5: e78334358fef181c6b650759ac1149b8
      size: 1276
    outs:
    - path: data/audio
      hash: md5
      md5: cded3d5da0c54a494e3891d1a3433648.dir
      size: 295961420
      nfiles: 650
  extract_data_quality:
    cmd: python ./src/extract_data_quality.py
    deps:
    - path: data/annotation_per_row_data.csv
      hash: md5
      md5: 02b0f956ef84921664905bb6b683638e
      size: 78166
    - path: src/extract_data_quality.py
      hash: md5
      md5: 7f504bc82dcd44f8ba2c54f3a5cb2f10
      size: 922
    outs:
    - path: data/data_quality.json
      hash: md5
      md5: 9bc702251382bc703517912d2558c356
      size: 266
