schema: '2.0'
stages:
  convert_labeled_data:
    cmd: python src/convert_labeled_data.py
    deps:
    - path: data/labeled_data.csv
      hash: md5
      md5: 2fb4f320b3eedb204bec6bee30eea331
      size: 11040
    - path: src/convert_labeled_data.py
      hash: md5
      md5: 6aaca710b02c324b3e6794c0ea060647
      size: 1593
    outs:
    - path: data/annotation_per_row_data.csv
      hash: md5
      md5: 3bdefb324fef024615d7c3ac2ed7fded
      size: 6659
